
Microsoft Visual Studio Solution File, Format Version 12.00
# Visual Studio Version 16
VisualStudioVersion = 16.0.31321.278
MinimumVisualStudioVersion = 10.0.40219.1
Project("{FAE04EC0-301F-11D3-BF4B-00C04F79EFBC}") = "Course_Linq", "Course_Linq\Course_Linq.csproj", "{0DE17A9C-F36A-49C4-BF9E-49D027B57B97}"
EndProject
Global
	GlobalSection(SolutionConfigurationPlatforms) = preSolution
		Debug|Any CPU = Debug|Any CPU
		Release|Any CPU = Release|Any CPU
	EndGlobalSection
	GlobalSection(ProjectConfigurationPlatforms) = postSolution
		{0DE17A9C-F36A-49C4-BF9E-49D027B57B97}.Debug|Any CPU.ActiveCfg = Debug|Any CPU
		{0DE17A9C-F36A-49C4-BF9E-49D027B57B97}.Debug|Any CPU.Build.0 = Debug|Any CPU
		{0DE17A9C-F36A-49C4-BF9E-49D027B57B97}.Release|Any CPU.ActiveCfg = Release|Any CPU
		{0DE17A9C-F36A-49C4-BF9E-49D027B57B97}.Release|Any CPU.Build.0 = Release|Any CPU
	EndGlobalSection
	GlobalSection(SolutionProperties) = preSolution
		HideSolutionNode = FALSE
	EndGlobalSection
	GlobalSection(ExtensibilityGlobals) = postSolution
		SolutionGuid = {5559C00D-8C9C-46D5-838D-8CFBFA6627E7}
	EndGlobalSection
EndGlobal
